
Microsoft Visual Studio Solution File, Format Version 12.00
# Visual Studio Version 17
VisualStudioVersion = 17.5.33424.131
MinimumVisualStudioVersion = 10.0.40219.1
Project("{9A19103F-16F7-4668-BE54-9A1E7A4F7556}") = "is_kino.Web", "is_kino\is_kino.Web.csproj", "{938E33B5-3437-4D88-B8F0-16C3BCDBF372}"
EndProject
Project("{FAE04EC0-301F-11D3-BF4B-00C04F79EFBC}") = "is_kino.Service", "is_kino.Service\is_kino.Service.csproj", "{8A0DA1A8-68D2-411A-92D9-AE08BB639456}"
EndProject
Project("{FAE04EC0-301F-11D3-BF4B-00C04F79EFBC}") = "is_kino.Repository", "is_kino.Repository\is_kino.Repository.csproj", "{7706A82C-390D-4151-A06C-A94658352992}"
EndProject
Project("{FAE04EC0-301F-11D3-BF4B-00C04F79EFBC}") = "is_kino.Domain", "is_kino.Domain\is_kino.Domain.csproj", "{0D8EE915-28FB-4029-93EA-51068AB84AFD}"
EndProject
Global
	GlobalSection(SolutionConfigurationPlatforms) = preSolution
		Debug|Any CPU = Debug|Any CPU
		Release|Any CPU = Release|Any CPU
	EndGlobalSection
	GlobalSection(ProjectConfigurationPlatforms) = postSolution
		{938E33B5-3437-4D88-B8F0-16C3BCDBF372}.Debug|Any CPU.ActiveCfg = Debug|Any CPU
		{938E33B5-3437-4D88-B8F0-16C3BCDBF372}.Debug|Any CPU.Build.0 = Debug|Any CPU
		{938E33B5-3437-4D88-B8F0-16C3BCDBF372}.Release|Any CPU.ActiveCfg = Release|Any CPU
		{938E33B5-3437-4D88-B8F0-16C3BCDBF372}.Release|Any CPU.Build.0 = Release|Any CPU
		{8A0DA1A8-68D2-411A-92D9-AE08BB639456}.Debug|Any CPU.ActiveCfg = Debug|Any CPU
		{8A0DA1A8-68D2-411A-92D9-AE08BB639456}.Debug|Any CPU.Build.0 = Debug|Any CPU
		{8A0DA1A8-68D2-411A-92D9-AE08BB639456}.Release|Any CPU.ActiveCfg = Release|Any CPU
		{8A0DA1A8-68D2-411A-92D9-AE08BB639456}.Release|Any CPU.Build.0 = Release|Any CPU
		{7706A82C-390D-4151-A06C-A94658352992}.Debug|Any CPU.ActiveCfg = Debug|Any CPU
		{7706A82C-390D-4151-A06C-A94658352992}.Debug|Any CPU.Build.0 = Debug|Any CPU
		{7706A82C-390D-4151-A06C-A94658352992}.Release|Any CPU.ActiveCfg = Release|Any CPU
		{7706A82C-390D-4151-A06C-A94658352992}.Release|Any CPU.Build.0 = Release|Any CPU
		{0D8EE915-28FB-4029-93EA-51068AB84AFD}.Debug|Any CPU.ActiveCfg = Debug|Any CPU
		{0D8EE915-28FB-4029-93EA-51068AB84AFD}.Debug|Any CPU.Build.0 = Debug|Any CPU
		{0D8EE915-28FB-4029-93EA-51068AB84AFD}.Release|Any CPU.ActiveCfg = Release|Any CPU
		{0D8EE915-28FB-4029-93EA-51068AB84AFD}.Release|Any CPU.Build.0 = Release|Any CPU
	EndGlobalSection
	GlobalSection(SolutionProperties) = preSolution
		HideSolutionNode = FALSE
	EndGlobalSection
	GlobalSection(ExtensibilityGlobals) = postSolution
		SolutionGuid = {48AFC0EA-EC7F-4AB1-B531-DBDEAB9032BD}
	EndGlobalSection
EndGlobal
